
Microsoft Visual Studio Solution File, Format Version 12.00
# Visual Studio Version 16
VisualStudioVersion = 16.0.32228.343
MinimumVisualStudioVersion = 10.0.40219.1
Project("{FAE04EC0-301F-11D3-BF4B-00C04F79EFBC}") = "Exedatagrid", "Exedatagrid\Exedatagrid.csproj", "{D864034F-7941-4140-BC7D-D001FAE7B912}"
EndProject
Global
	GlobalSection(SolutionConfigurationPlatforms) = preSolution
		Debug|Any CPU = Debug|Any CPU
		Release|Any CPU = Release|Any CPU
	EndGlobalSection
	GlobalSection(ProjectConfigurationPlatforms) = postSolution
		{D864034F-7941-4140-BC7D-D001FAE7B912}.Debug|Any CPU.ActiveCfg = Debug|Any CPU
		{D864034F-7941-4140-BC7D-D001FAE7B912}.Debug|Any CPU.Build.0 = Debug|Any CPU
		{D864034F-7941-4140-BC7D-D001FAE7B912}.Release|Any CPU.ActiveCfg = Release|Any CPU
		{D864034F-7941-4140-BC7D-D001FAE7B912}.Release|Any CPU.Build.0 = Release|Any CPU
	EndGlobalSection
	GlobalSection(SolutionProperties) = preSolution
		HideSolutionNode = FALSE
	EndGlobalSection
	GlobalSection(ExtensibilityGlobals) = postSolution
		SolutionGuid = {ED0E3378-9944-4C66-8275-02CD9D0AAC29}
	EndGlobalSection
EndGlobal
